
Microsoft Visual Studio Solution File, Format Version 12.00
# Visual Studio Version 16
VisualStudioVersion = 16.0.30212.190
MinimumVisualStudioVersion = 10.0.40219.1
Project("{8BC9CEB8-8B4A-11D0-8D11-00A0C91BC942}") = "DetourSharedBase", "DetourSharedBase\DetourSharedBase.vcxproj", "{3FBFB845-74F9-44AB-B5D8-4502C35C413B}"
	ProjectSection(ProjectDependencies) = postProject
		{1539112F-1129-4C52-B524-DF244C7C479C} = {1539112F-1129-4C52-B524-DF244C7C479C}
		{015DB9D2-5477-43C9-8731-46CF21BF42CA} = {015DB9D2-5477-43C9-8731-46CF21BF42CA}
	EndProjectSection
EndProject
Project("{8BC9CEB8-8B4A-11D0-8D11-00A0C91BC942}") = "DetourClient", "DetourClient\DetourClient.vcxproj", "{015DB9D2-5477-43C9-8731-46CF21BF42CA}"
	ProjectSection(ProjectDependencies) = postProject
		{1539112F-1129-4C52-B524-DF244C7C479C} = {1539112F-1129-4C52-B524-DF244C7C479C}
		{24498256-5A57-453D-AD5E-3276CA9FBE3B} = {24498256-5A57-453D-AD5E-3276CA9FBE3B}
		{2F3ED06E-A10A-4213-91BB-4A216C86B788} = {2F3ED06E-A10A-4213-91BB-4A216C86B788}
	EndProjectSection
EndProject
Project("{FAE04EC0-301F-11D3-BF4B-00C04F79EFBC}") = "CSLife", "CSLife\CSLife.csproj", "{1539112F-1129-4C52-B524-DF244C7C479C}"
EndProject
Project("{8BC9CEB8-8B4A-11D0-8D11-00A0C91BC942}") = "ATLProject1", "ATLProject1\ATLProject1.vcxproj", "{2F3ED06E-A10A-4213-91BB-4A216C86B788}"
EndProject
Project("{8BC9CEB8-8B4A-11D0-8D11-00A0C91BC942}") = "ATLProject1PS", "ATLProject1PS\ATLProject1PS.vcxproj", "{24498256-5A57-453D-AD5E-3276CA9FBE3B}"
	ProjectSection(ProjectDependencies) = postProject
		{2F3ED06E-A10A-4213-91BB-4A216C86B788} = {2F3ED06E-A10A-4213-91BB-4A216C86B788}
	EndProjectSection
EndProject
Project("{8BC9CEB8-8B4A-11D0-8D11-00A0C91BC942}") = "VUnwind64", "VUnwind64\VUnwind64.vcxproj", "{DAAE1E25-075D-49B7-A17E-8E9FD22C08EA}"
EndProject
Project("{FAE04EC0-301F-11D3-BF4B-00C04F79EFBC}") = "UnitTestProject1", "UnitTestProject1\UnitTestProject1.csproj", "{4525FC3C-679B-4314-9D16-7072DAD8DB97}"
EndProject
Project("{8BC9CEB8-8B4A-11D0-8D11-00A0C91BC942}") = "DetourLib", "DetourLib\DetourLib.vcxproj", "{A1426C5A-9EFD-446B-B1E4-65D975FE0AA0}"
EndProject
Global
	GlobalSection(SolutionConfigurationPlatforms) = preSolution
		Amd64|Any CPU = Amd64|Any CPU
		Amd64|x64 = Amd64|x64
		Amd64|x86 = Amd64|x86
		Debug|Any CPU = Debug|Any CPU
		Debug|x64 = Debug|x64
		Debug|x86 = Debug|x86
		Release|Any CPU = Release|Any CPU
		Release|x64 = Release|x64
		Release|x86 = Release|x86
	EndGlobalSection
	GlobalSection(ProjectConfigurationPlatforms) = postSolution
		{3FBFB845-74F9-44AB-B5D8-4502C35C413B}.Amd64|Any CPU.ActiveCfg = Amd64|Win32
		{3FBFB845-74F9-44AB-B5D8-4502C35C413B}.Amd64|x64.ActiveCfg = Amd64|x64
		{3FBFB845-74F9-44AB-B5D8-4502C35C413B}.Amd64|x64.Build.0 = Amd64|x64
		{3FBFB845-74F9-44AB-B5D8-4502C35C413B}.Amd64|x86.ActiveCfg = Amd64|x64
		{3FBFB845-74F9-44AB-B5D8-4502C35C413B}.Amd64|x86.Build.0 = Amd64|x64
		{3FBFB845-74F9-44AB-B5D8-4502C35C413B}.Debug|Any CPU.ActiveCfg = Debug|Win32
		{3FBFB845-74F9-44AB-B5D8-4502C35C413B}.Debug|Any CPU.Build.0 = Debug|Win32
		{3FBFB845-74F9-44AB-B5D8-4502C35C413B}.Debug|x64.ActiveCfg = Debug|x64
		{3FBFB845-74F9-44AB-B5D8-4502C35C413B}.Debug|x64.Build.0 = Debug|x64
		{3FBFB845-74F9-44AB-B5D8-4502C35C413B}.Debug|x86.ActiveCfg = Debug|Win32
		{3FBFB845-74F9-44AB-B5D8-4502C35C413B}.Debug|x86.Build.0 = Debug|Win32
		{3FBFB845-74F9-44AB-B5D8-4502C35C413B}.Release|Any CPU.ActiveCfg = Release|Win32
		{3FBFB845-74F9-44AB-B5D8-4502C35C413B}.Release|Any CPU.Build.0 = Release|Win32
		{3FBFB845-74F9-44AB-B5D8-4502C35C413B}.Release|x64.ActiveCfg = Release|x64
		{3FBFB845-74F9-44AB-B5D8-4502C35C413B}.Release|x64.Build.0 = Release|x64
		{3FBFB845-74F9-44AB-B5D8-4502C35C413B}.Release|x86.ActiveCfg = Release|Win32
		{3FBFB845-74F9-44AB-B5D8-4502C35C413B}.Release|x86.Build.0 = Release|Win32
		{015DB9D2-5477-43C9-8731-46CF21BF42CA}.Amd64|Any CPU.ActiveCfg = Amd64|Win32
		{015DB9D2-5477-43C9-8731-46CF21BF42CA}.Amd64|x64.ActiveCfg = Amd64|x64
		{015DB9D2-5477-43C9-8731-46CF21BF42CA}.Amd64|x64.Build.0 = Amd64|x64
		{015DB9D2-5477-43C9-8731-46CF21BF42CA}.Amd64|x86.ActiveCfg = Amd64|x64
		{015DB9D2-5477-43C9-8731-46CF21BF42CA}.Amd64|x86.Build.0 = Amd64|x64
		{015DB9D2-5477-43C9-8731-46CF21BF42CA}.Debug|Any CPU.ActiveCfg = Debug|Win32
		{015DB9D2-5477-43C9-8731-46CF21BF42CA}.Debug|Any CPU.Build.0 = Debug|Win32
		{015DB9D2-5477-43C9-8731-46CF21BF42CA}.Debug|x64.ActiveCfg = Debug|x64
		{015DB9D2-5477-43C9-8731-46CF21BF42CA}.Debug|x64.Build.0 = Debug|x64
		{015DB9D2-5477-43C9-8731-46CF21BF42CA}.Debug|x86.ActiveCfg = Debug|Win32
		{015DB9D2-5477-43C9-8731-46CF21BF42CA}.Debug|x86.Build.0 = Debug|Win32
		{015DB9D2-5477-43C9-8731-46CF21BF42CA}.Release|Any CPU.ActiveCfg = Release|Win32
		{015DB9D2-5477-43C9-8731-46CF21BF42CA}.Release|Any CPU.Build.0 = Release|Win32
		{015DB9D2-5477-43C9-8731-46CF21BF42CA}.Release|x64.ActiveCfg = Release|x64
		{015DB9D2-5477-43C9-8731-46CF21BF42CA}.Release|x64.Build.0 = Release|x64
		{015DB9D2-5477-43C9-8731-46CF21BF42CA}.Release|x86.ActiveCfg = Release|Win32
		{015DB9D2-5477-43C9-8731-46CF21BF42CA}.Release|x86.Build.0 = Release|Win32
		{1539112F-1129-4C52-B524-DF244C7C479C}.Amd64|Any CPU.ActiveCfg = Release|Any CPU
		{1539112F-1129-4C52-B524-DF244C7C479C}.Amd64|Any CPU.Build.0 = Release|Any CPU
		{1539112F-1129-4C52-B524-DF244C7C479C}.Amd64|x64.ActiveCfg = Release|Any CPU
		{1539112F-1129-4C52-B524-DF244C7C479C}.Amd64|x64.Build.0 = Release|Any CPU
		{1539112F-1129-4C52-B524-DF244C7C479C}.Amd64|x86.ActiveCfg = Release|Any CPU
		{1539112F-1129-4C52-B524-DF244C7C479C}.Amd64|x86.Build.0 = Release|Any CPU
		{1539112F-1129-4C52-B524-DF244C7C479C}.Debug|Any CPU.ActiveCfg = Debug|Any CPU
		{1539112F-1129-4C52-B524-DF244C7C479C}.Debug|Any CPU.Build.0 = Debug|Any CPU
		{1539112F-1129-4C52-B524-DF244C7C479C}.Debug|x64.ActiveCfg = Debug|Any CPU
		{1539112F-1129-4C52-B524-DF244C7C479C}.Debug|x64.Build.0 = Debug|Any CPU
		{1539112F-1129-4C52-B524-DF244C7C479C}.Debug|x86.ActiveCfg = Debug|Any CPU
		{1539112F-1129-4C52-B524-DF244C7C479C}.Debug|x86.Build.0 = Debug|Any CPU
		{1539112F-1129-4C52-B524-DF244C7C479C}.Release|Any CPU.ActiveCfg = Release|Any CPU
		{1539112F-1129-4C52-B524-DF244C7C479C}.Release|Any CPU.Build.0 = Release|Any CPU
		{1539112F-1129-4C52-B524-DF244C7C479C}.Release|x64.ActiveCfg = Release|Any CPU
		{1539112F-1129-4C52-B524-DF244C7C479C}.Release|x64.Build.0 = Release|Any CPU
		{1539112F-1129-4C52-B524-DF244C7C479C}.Release|x86.ActiveCfg = Release|Any CPU
		{1539112F-1129-4C52-B524-DF244C7C479C}.Release|x86.Build.0 = Release|Any CPU
		{2F3ED06E-A10A-4213-91BB-4A216C86B788}.Amd64|Any CPU.ActiveCfg = Release|x64
		{2F3ED06E-A10A-4213-91BB-4A216C86B788}.Amd64|Any CPU.Build.0 = Release|x64
		{2F3ED06E-A10A-4213-91BB-4A216C86B788}.Amd64|x64.ActiveCfg = Release|x64
		{2F3ED06E-A10A-4213-91BB-4A216C86B788}.Amd64|x64.Build.0 = Release|x64
		{2F3ED06E-A10A-4213-91BB-4A216C86B788}.Amd64|x86.ActiveCfg = Release|Win32
		{2F3ED06E-A10A-4213-91BB-4A216C86B788}.Amd64|x86.Build.0 = Release|Win32
		{2F3ED06E-A10A-4213-91BB-4A216C86B788}.Debug|Any CPU.ActiveCfg = Debug|Win32
		{2F3ED06E-A10A-4213-91BB-4A216C86B788}.Debug|Any CPU.Build.0 = Debug|Win32
		{2F3ED06E-A10A-4213-91BB-4A216C86B788}.Debug|x64.ActiveCfg = Debug|x64
		{2F3ED06E-A10A-4213-91BB-4A216C86B788}.Debug|x64.Build.0 = Debug|x64
		{2F3ED06E-A10A-4213-91BB-4A216C86B788}.Debug|x86.ActiveCfg = Debug|Win32
		{2F3ED06E-A10A-4213-91BB-4A216C86B788}.Debug|x86.Build.0 = Debug|Win32
		{2F3ED06E-A10A-4213-91BB-4A216C86B788}.Release|Any CPU.ActiveCfg = Release|Win32
		{2F3ED06E-A10A-4213-91BB-4A216C86B788}.Release|Any CPU.Build.0 = Release|Win32
		{2F3ED06E-A10A-4213-91BB-4A216C86B788}.Release|x64.ActiveCfg = Release|x64
		{2F3ED06E-A10A-4213-91BB-4A216C86B788}.Release|x64.Build.0 = Release|x64
		{2F3ED06E-A10A-4213-91BB-4A216C86B788}.Release|x86.ActiveCfg = Release|Win32
		{2F3ED06E-A10A-4213-91BB-4A216C86B788}.Release|x86.Build.0 = Release|Win32
		{24498256-5A57-453D-AD5E-3276CA9FBE3B}.Amd64|Any CPU.ActiveCfg = Release|x64
		{24498256-5A57-453D-AD5E-3276CA9FBE3B}.Amd64|x64.ActiveCfg = Release|x64
		{24498256-5A57-453D-AD5E-3276CA9FBE3B}.Amd64|x86.ActiveCfg = Release|Win32
		{24498256-5A57-453D-AD5E-3276CA9FBE3B}.Debug|Any CPU.ActiveCfg = Debug|Win32
		{24498256-5A57-453D-AD5E-3276CA9FBE3B}.Debug|x64.ActiveCfg = Debug|x64
		{24498256-5A57-453D-AD5E-3276CA9FBE3B}.Debug|x86.ActiveCfg = Debug|Win32
		{24498256-5A57-453D-AD5E-3276CA9FBE3B}.Release|Any CPU.ActiveCfg = Release|Win32
		{24498256-5A57-453D-AD5E-3276CA9FBE3B}.Release|Any CPU.Build.0 = Release|Win32
		{24498256-5A57-453D-AD5E-3276CA9FBE3B}.Release|x64.ActiveCfg = Release|x64
		{24498256-5A57-453D-AD5E-3276CA9FBE3B}.Release|x86.ActiveCfg = Release|Win32
		{DAAE1E25-075D-49B7-A17E-8E9FD22C08EA}.Amd64|Any CPU.ActiveCfg = Release|x64
		{DAAE1E25-075D-49B7-A17E-8E9FD22C08EA}.Amd64|Any CPU.Build.0 = Release|x64
		{DAAE1E25-075D-49B7-A17E-8E9FD22C08EA}.Amd64|x64.ActiveCfg = Release|x64
		{DAAE1E25-075D-49B7-A17E-8E9FD22C08EA}.Amd64|x64.Build.0 = Release|x64
		{DAAE1E25-075D-49B7-A17E-8E9FD22C08EA}.Amd64|x86.ActiveCfg = Release|Win32
		{DAAE1E25-075D-49B7-A17E-8E9FD22C08EA}.Amd64|x86.Build.0 = Release|Win32
		{DAAE1E25-075D-49B7-A17E-8E9FD22C08EA}.Debug|Any CPU.ActiveCfg = Debug|x64
		{DAAE1E25-075D-49B7-A17E-8E9FD22C08EA}.Debug|Any CPU.Build.0 = Debug|x64
		{DAAE1E25-075D-49B7-A17E-8E9FD22C08EA}.Debug|x64.ActiveCfg = Debug|x64
		{DAAE1E25-075D-49B7-A17E-8E9FD22C08EA}.Debug|x64.Build.0 = Debug|x64
		{DAAE1E25-075D-49B7-A17E-8E9FD22C08EA}.Debug|x86.ActiveCfg = Debug|Win32
		{DAAE1E25-075D-49B7-A17E-8E9FD22C08EA}.Debug|x86.Build.0 = Debug|Win32
		{DAAE1E25-075D-49B7-A17E-8E9FD22C08EA}.Release|Any CPU.ActiveCfg = Release|Win32
		{DAAE1E25-075D-49B7-A17E-8E9FD22C08EA}.Release|x64.ActiveCfg = Release|x64
		{DAAE1E25-075D-49B7-A17E-8E9FD22C08EA}.Release|x64.Build.0 = Release|x64
		{DAAE1E25-075D-49B7-A17E-8E9FD22C08EA}.Release|x86.ActiveCfg = Release|Win32
		{DAAE1E25-075D-49B7-A17E-8E9FD22C08EA}.Release|x86.Build.0 = Release|Win32
		{4525FC3C-679B-4314-9D16-7072DAD8DB97}.Amd64|Any CPU.ActiveCfg = Release|Any CPU
		{4525FC3C-679B-4314-9D16-7072DAD8DB97}.Amd64|Any CPU.Build.0 = Release|Any CPU
		{4525FC3C-679B-4314-9D16-7072DAD8DB97}.Amd64|x64.ActiveCfg = Release|Any CPU
		{4525FC3C-679B-4314-9D16-7072DAD8DB97}.Amd64|x64.Build.0 = Release|Any CPU
		{4525FC3C-679B-4314-9D16-7072DAD8DB97}.Amd64|x86.ActiveCfg = Release|Any CPU
		{4525FC3C-679B-4314-9D16-7072DAD8DB97}.Amd64|x86.Build.0 = Release|Any CPU
		{4525FC3C-679B-4314-9D16-7072DAD8DB97}.Debug|Any CPU.ActiveCfg = Debug|Any CPU
		{4525FC3C-679B-4314-9D16-7072DAD8DB97}.Debug|Any CPU.Build.0 = Debug|Any CPU
		{4525FC3C-679B-4314-9D16-7072DAD8DB97}.Debug|x64.ActiveCfg = Debug|Any CPU
		{4525FC3C-679B-4314-9D16-7072DAD8DB97}.Debug|x64.Build.0 = Debug|Any CPU
		{4525FC3C-679B-4314-9D16-7072DAD8DB97}.Debug|x86.ActiveCfg = Debug|Any CPU
		{4525FC3C-679B-4314-9D16-7072DAD8DB97}.Debug|x86.Build.0 = Debug|Any CPU
		{4525FC3C-679B-4314-9D16-7072DAD8DB97}.Release|Any CPU.ActiveCfg = Release|Any CPU
		{4525FC3C-679B-4314-9D16-7072DAD8DB97}.Release|Any CPU.Build.0 = Release|Any CPU
		{4525FC3C-679B-4314-9D16-7072DAD8DB97}.Release|x64.ActiveCfg = Release|Any CPU
		{4525FC3C-679B-4314-9D16-7072DAD8DB97}.Release|x64.Build.0 = Release|Any CPU
		{4525FC3C-679B-4314-9D16-7072DAD8DB97}.Release|x86.ActiveCfg = Release|Any CPU
		{4525FC3C-679B-4314-9D16-7072DAD8DB97}.Release|x86.Build.0 = Release|Any CPU
		{A1426C5A-9EFD-446B-B1E4-65D975FE0AA0}.Amd64|Any CPU.ActiveCfg = Release|x64
		{A1426C5A-9EFD-446B-B1E4-65D975FE0AA0}.Amd64|Any CPU.Build.0 = Release|x64
		{A1426C5A-9EFD-446B-B1E4-65D975FE0AA0}.Amd64|x64.ActiveCfg = Release|x64
		{A1426C5A-9EFD-446B-B1E4-65D975FE0AA0}.Amd64|x64.Build.0 = Release|x64
		{A1426C5A-9EFD-446B-B1E4-65D975FE0AA0}.Amd64|x86.ActiveCfg = Release|Win32
		{A1426C5A-9EFD-446B-B1E4-65D975FE0AA0}.Amd64|x86.Build.0 = Release|Win32
		{A1426C5A-9EFD-446B-B1E4-65D975FE0AA0}.Debug|Any CPU.ActiveCfg = Debug|Win32
		{A1426C5A-9EFD-446B-B1E4-65D975FE0AA0}.Debug|Any CPU.Build.0 = Debug|Win32
		{A1426C5A-9EFD-446B-B1E4-65D975FE0AA0}.Debug|x64.ActiveCfg = Debug|x64
		{A1426C5A-9EFD-446B-B1E4-65D975FE0AA0}.Debug|x64.Build.0 = Debug|x64
		{A1426C5A-9EFD-446B-B1E4-65D975FE0AA0}.Debug|x86.ActiveCfg = Debug|Win32
		{A1426C5A-9EFD-446B-B1E4-65D975FE0AA0}.Debug|x86.Build.0 = Debug|Win32
		{A1426C5A-9EFD-446B-B1E4-65D975FE0AA0}.Release|Any CPU.ActiveCfg = Release|Win32
		{A1426C5A-9EFD-446B-B1E4-65D975FE0AA0}.Release|x64.ActiveCfg = Release|x64
		{A1426C5A-9EFD-446B-B1E4-65D975FE0AA0}.Release|x64.Build.0 = Release|x64
		{A1426C5A-9EFD-446B-B1E4-65D975FE0AA0}.Release|x86.ActiveCfg = Release|Win32
		{A1426C5A-9EFD-446B-B1E4-65D975FE0AA0}.Release|x86.Build.0 = Release|Win32
	EndGlobalSection
	GlobalSection(SolutionProperties) = preSolution
		HideSolutionNode = FALSE
	EndGlobalSection
	GlobalSection(ExtensibilityGlobals) = postSolution
		SolutionGuid = {1DA14D97-DE2E-4A8B-BD3B-2E62A56C5FCE}
	EndGlobalSection
EndGlobal
